# THIS IS AN AUTOGENERATED FILE. DO NOT EDIT THIS FILE DIRECTLY.
# yarn lockfile v1


chance@^1.1.11:
  version "1.1.11"
  resolved "https://registry.yarnpkg.com/chance/-/chance-1.1.11.tgz#78e10e1f9220a5bbc60a83e3f28a5d8558d84d1b"
  integrity sha512-kqTg3WWywappJPqtgrdvbA380VoXO2eu9VCV895JgbyHsaErXdyHK9LOZ911OvAk6L0obK7kDk9CGs8+oBawVA==

mkdirp-promise@^5.0.1:
  version "5.0.1"
  resolved "https://registry.yarnpkg.com/mkdirp-promise/-/mkdirp-promise-5.0.1.tgz#e9b8f68e552c68a9c1713b84883f7a1dd039b8a1"
  integrity sha512-Hepn5kb1lJPtVW84RFT40YG1OddBNTOVUZR2bzQUHc+Z03en8/3uX0+060JDhcEzyO08HmipsN9DcnFMxhIL9w==
  dependencies:
    mkdirp "*"

mkdirp@*:
  version "3.0.1"
  resolved "https://registry.yarnpkg.com/mkdirp/-/mkdirp-3.0.1.tgz#e44e4c5607fb279c168241713cc6e0fea9adcb50"
  integrity sha512-+NsyUUAZDmo6YVHzL/stxSu3t9YS1iljliy3BSDrXJ/dkn1KYdmtZODGGjLcc9XLgVVpH4KshHB8XmZgMhaBXg==
